
Microsoft Visual Studio Solution File, Format Version 12.00
# Visual Studio Version 16
VisualStudioVersion = 16.0.31205.134
MinimumVisualStudioVersion = 10.0.40219.1
Project("{FAE04EC0-301F-11D3-BF4B-00C04F79EFBC}") = "SendSMSProject", "SendSMSProject\SendSMSProject.csproj", "{87C194FE-8ECD-4B73-859E-DEF8DFC16713}"
EndProject
Global
	GlobalSection(SolutionConfigurationPlatforms) = preSolution
		Debug|Any CPU = Debug|Any CPU
		Release|Any CPU = Release|Any CPU
	EndGlobalSection
	GlobalSection(ProjectConfigurationPlatforms) = postSolution
		{87C194FE-8ECD-4B73-859E-DEF8DFC16713}.Debug|Any CPU.ActiveCfg = Debug|Any CPU
		{87C194FE-8ECD-4B73-859E-DEF8DFC16713}.Debug|Any CPU.Build.0 = Debug|Any CPU
		{87C194FE-8ECD-4B73-859E-DEF8DFC16713}.Release|Any CPU.ActiveCfg = Release|Any CPU
		{87C194FE-8ECD-4B73-859E-DEF8DFC16713}.Release|Any CPU.Build.0 = Release|Any CPU
	EndGlobalSection
	GlobalSection(SolutionProperties) = preSolution
		HideSolutionNode = FALSE
	EndGlobalSection
	GlobalSection(ExtensibilityGlobals) = postSolution
		SolutionGuid = {7C32B57F-03D3-40D2-B543-D388D86F4E13}
	EndGlobalSection
EndGlobal
